
Microsoft Visual Studio Solution File, Format Version 12.00
# Visual Studio 14
VisualStudioVersion = 14.0.25420.1
MinimumVisualStudioVersion = 10.0.40219.1
Project("{FAE04EC0-301F-11D3-BF4B-00C04F79EFBC}") = "CommonAssembly", "CommonAssembly\CommonAssembly.csproj", "{F309A175-D381-42E5-A64D-0F7DEA4ED1A6}"
EndProject
Project("{FAE04EC0-301F-11D3-BF4B-00C04F79EFBC}") = "ChildProcessExecutor", "ChildProcessExecutor\ChildProcessExecutor.csproj", "{DD2951E9-6597-46AA-BA08-DA866ADA193C}"
EndProject
Project("{FAE04EC0-301F-11D3-BF4B-00C04F79EFBC}") = "MasterProcess", "MasterProcess\MasterProcess.csproj", "{3734B2E5-C290-4F5F-A981-B561F18489F1}"
EndProject
Project("{FAE04EC0-301F-11D3-BF4B-00C04F79EFBC}") = "TaskAssembly", "TaskAssembly\TaskAssembly.csproj", "{E31DEF42-59D2-4031-A65C-E9BE4BE1CBC0}"
EndProject
Global
	GlobalSection(SolutionConfigurationPlatforms) = preSolution
		Debug|Any CPU = Debug|Any CPU
		Release|Any CPU = Release|Any CPU
	EndGlobalSection
	GlobalSection(ProjectConfigurationPlatforms) = postSolution
		{F309A175-D381-42E5-A64D-0F7DEA4ED1A6}.Debug|Any CPU.ActiveCfg = Debug|Any CPU
		{F309A175-D381-42E5-A64D-0F7DEA4ED1A6}.Debug|Any CPU.Build.0 = Debug|Any CPU
		{F309A175-D381-42E5-A64D-0F7DEA4ED1A6}.Release|Any CPU.ActiveCfg = Release|Any CPU
		{F309A175-D381-42E5-A64D-0F7DEA4ED1A6}.Release|Any CPU.Build.0 = Release|Any CPU
		{DD2951E9-6597-46AA-BA08-DA866ADA193C}.Debug|Any CPU.ActiveCfg = Debug|Any CPU
		{DD2951E9-6597-46AA-BA08-DA866ADA193C}.Debug|Any CPU.Build.0 = Debug|Any CPU
		{DD2951E9-6597-46AA-BA08-DA866ADA193C}.Release|Any CPU.ActiveCfg = Release|Any CPU
		{DD2951E9-6597-46AA-BA08-DA866ADA193C}.Release|Any CPU.Build.0 = Release|Any CPU
		{3734B2E5-C290-4F5F-A981-B561F18489F1}.Debug|Any CPU.ActiveCfg = Debug|Any CPU
		{3734B2E5-C290-4F5F-A981-B561F18489F1}.Debug|Any CPU.Build.0 = Debug|Any CPU
		{3734B2E5-C290-4F5F-A981-B561F18489F1}.Release|Any CPU.ActiveCfg = Release|Any CPU
		{3734B2E5-C290-4F5F-A981-B561F18489F1}.Release|Any CPU.Build.0 = Release|Any CPU
		{E31DEF42-59D2-4031-A65C-E9BE4BE1CBC0}.Debug|Any CPU.ActiveCfg = Debug|Any CPU
		{E31DEF42-59D2-4031-A65C-E9BE4BE1CBC0}.Debug|Any CPU.Build.0 = Debug|Any CPU
		{E31DEF42-59D2-4031-A65C-E9BE4BE1CBC0}.Release|Any CPU.ActiveCfg = Release|Any CPU
		{E31DEF42-59D2-4031-A65C-E9BE4BE1CBC0}.Release|Any CPU.Build.0 = Release|Any CPU
	EndGlobalSection
	GlobalSection(SolutionProperties) = preSolution
		HideSolutionNode = FALSE
	EndGlobalSection
EndGlobal
